
Microsoft Visual Studio Solution File, Format Version 12.00
# Visual Studio Version 17
VisualStudioVersion = 17.9.34701.34
MinimumVisualStudioVersion = 10.0.40219.1
Project("{FAE04EC0-301F-11D3-BF4B-00C04F79EFBC}") = "RockPaperScissor", "RockPaperScissor.csproj", "{4B012046-B1E6-46BB-8A8B-D1A485A6A503}"
EndProject
Global
	GlobalSection(SolutionConfigurationPlatforms) = preSolution
		Debug|Any CPU = Debug|Any CPU
		Release|Any CPU = Release|Any CPU
	EndGlobalSection
	GlobalSection(ProjectConfigurationPlatforms) = postSolution
		{4B012046-B1E6-46BB-8A8B-D1A485A6A503}.Debug|Any CPU.ActiveCfg = Debug|Any CPU
		{4B012046-B1E6-46BB-8A8B-D1A485A6A503}.Debug|Any CPU.Build.0 = Debug|Any CPU
		{4B012046-B1E6-46BB-8A8B-D1A485A6A503}.Release|Any CPU.ActiveCfg = Release|Any CPU
		{4B012046-B1E6-46BB-8A8B-D1A485A6A503}.Release|Any CPU.Build.0 = Release|Any CPU
	EndGlobalSection
	GlobalSection(SolutionProperties) = preSolution
		HideSolutionNode = FALSE
	EndGlobalSection
	GlobalSection(ExtensibilityGlobals) = postSolution
		SolutionGuid = {68850B57-CE93-4D72-8304-5EAA7C79E0D7}
	EndGlobalSection
EndGlobal
